// !$*UTF8*$!
{
	archiveVersion = 1;
	classes = {
	};
	objectVersion = 46;
	objects = {

/* Begin PBXBuildFile section */
		F79B05911E5D4D44007B3123 /* AppDelegate.swift in Sources */ = {isa = PBXBuildFile; fileRef = F79B05901E5D4D44007B3123 /* AppDelegate.swift */; };
		F79B05931E5D4D44007B3123 /* ViewController.swift in Sources */ = {isa = PBXBuildFile; fileRef = F79B05921E5D4D44007B3123 /* ViewController.swift */; };
		F79B05961E5D4D44007B3123 /* Main.storyboard in Resources */ = {isa = PBXBuildFile; fileRef = F79B05941E5D4D44007B3123 /* Main.storyboard */; };
		F79B05981E5D4D44007B3123 /* Assets.xcassets in Resources */ = {isa = PBXBuildFile; fileRef = F79B05971E5D4D44007B3123 /* Assets.xcassets */; };
		F79B059B1E5D4D44007B3123 /* LaunchScreen.storyboard in Resources */ = {isa = PBXBuildFile; fileRef = F79B05991E5D4D44007B3123 /* LaunchScreen.storyboard */; };
/* End PBXBuildFile section */

/* Begin PBXFileReference section */
		F79B058D1E5D4D44007B3123 /* Reality_Retreat.app */ = {isa = PBXFileReference; explicitFileType = wrapper.application; includeInIndex = 0; path = Reality_Retreat.app; sourceTree = BUILT_PRODUCTS_DIR; };
		F79B05901E5D4D44007B3123 /* AppDelegate.swift */ = {isa = PBXFileReference; lastKnownFileType = sourcecode.swift; path = AppDelegate.swift; sourceTree = "<group>"; };
		F79B05921E5D4D44007B3123 /* ViewController.swift */ = {isa = PBXFileReference; lastKnownFileType = sourcecode.swift; path = ViewController.swift; sourceTree = "<group>"; };
		F79B05951E5D4D44007B3123 /* Base */ = {isa = PBXFileReference; lastKnownFileType = file.storyboard; name = Base; path = Base.lproj/Main.storyboard; sourceTree = "<group>"; };
		F79B05971E5D4D44007B3123 /* Assets.xcassets */ = {isa = PBXFileReference; lastKnownFileType = folder.assetcatalog; path = Assets.xcassets; sourceTree = "<group>"; };
		F79B059A1E5D4D44007B3123 /* Base */ = {isa = PBXFileReference; lastKnownFileType = file.storyboard; name = Base; path = Base.lproj/LaunchScreen.storyboard; sourceTree = "<group>"; };
		F79B059C1E5D4D44007B3123 /* Info.plist */ = {isa = PBXFileReference; lastKnownFileType = text.plist.xml; path = Info.plist; sourceTree = "<group>"; };
/* End PBXFileReference section */

/* Begin PBXFrameworksBuildPhase section */
		F79B058A1E5D4D44007B3123 /* Frameworks */ = {
			isa = PBXFrameworksBuildPhase;
			buildActionMask = 2147483647;
			files = (
			);
			runOnlyForDeploymentPostprocessing = 0;
		};
/* End PBXFrameworksBuildPhase section */

/* Begin PBXGroup section */
		F79B05841E5D4D44007B3123 = {
			isa = PBXGroup;
			children = (
				F79B058F1E5D4D44007B3123 /* Reality_Retreat */,
				F79B058E1E5D4D44007B3123 /* Products */,
			);
			sourceTree = "<group>";
		};
		F79B058E1E5D4D44007B3123 /* Products */ = {
			isa = PBXGroup;
			children = (
				F79B058D1E5D4D44007B3123 /* Reality_Retreat.app */,
			);
			name = Products;
			sourceTree = "<group>";
		};
		F79B058F1E5D4D44007B3123 /* Reality_Retreat */ = {
			isa = PBXGroup;
			children = (
				F79B05901E5D4D44007B3123 /* AppDelegate.swift */,
				F79B05921E5D4D44007B3123 /* ViewController.swift */,
				F79B05941E5D4D44007B3123 /* Main.storyboard */,
				F79B05971E5D4D44007B3123 /* Assets.xcassets */,
				F79B05991E5D4D44007B3123 /* LaunchScreen.storyboard */,
				F79B059C1E5D4D44007B3123 /* Info.plist */,
			);
			path = Reality_Retreat;
			sourceTree = "<group>";
		};
/* End PBXGroup section */

/* Begin PBXNativeTarget section */
		F79B058C1E5D4D44007B3123 /* Reality_Retreat */ = {
			isa = PBXNativeTarget;
			buildConfigurationList = F79B059F1E5D4D44007B3123 /* Build configuration list for PBXNativeTarget "Reality_Retreat" */;
			buildPhases = (
				F79B05891E5D4D44007B3123 /* Sources */,
				F79B058A1E5D4D44007B3123 /* Frameworks */,
				F79B058B1E5D4D44007B3123 /* Resources */,
			);
			buildRules = (
			);
			dependencies = (
			);
			name = Reality_Retreat;
			productName = Reality_Retreat;
			productReference = F79B058D1E5D4D44007B3123 /* Reality_Retreat.app */;
			productType = "com.apple.product-type.application";
		};
/* End PBXNativeTarget section */

/* Begin PBXProject section */
		F79B05851E5D4D44007B3123 /* Project object */ = {
			isa = PBXProject;
			attributes = {
				LastSwiftUpdateCheck = 0820;
				LastUpgradeCheck = 0820;
				ORGANIZATIONNAME = "Mukundan Muralidharan";
				TargetAttributes = {
					F79B058C1E5D4D44007B3123 = {
						CreatedOnToolsVersion = 8.2.1;
						DevelopmentTeam = R492MZCKG4;
						ProvisioningStyle = Automatic;
					};
				};
			};
			buildConfigurationList = F79B05881E5D4D44007B3123 /* Build configuration list for PBXProject "Reality_Retreat" */;
			compatibilityVersion = "Xcode 3.2";
			developmentRegion = English;
			hasScannedForEncodings = 0;
			knownRegions = (
				en,
				Base,
			);
			mainGroup = F79B05841E5D4D44007B3123;
			productRefGroup = F79B058E1E5D4D44007B3123 /* Products */;
			projectDirPath = "";
			projectRoot = "";
			targets = (
				F79B058C1E5D4D44007B3123 /* Reality_Retreat */,
			);
		};
/* End PBXProject section */

/* Begin PBXResourcesBuildPhase section */
		F79B058B1E5D4D44007B3123 /* Resources */ = {
			isa = PBXResourcesBuildPhase;
			buildActionMask = 2147483647;
			files = (
				F79B059B1E5D4D44007B3123 /* LaunchScreen.storyboard in Resources */,
				F79B05981E5D4D44007B3123 /* Assets.xcassets in Resources */,
				F79B05961E5D4D44007B3123 /* Main.storyboard in Resources */,
			);
			runOnlyForDeploymentPostprocessing = 0;
		};
/* End PBXResourcesBuildPhase section */

/* Begin PBXSourcesBuildPhase section */
		F79B05891E5D4D44007B3123 /* Sources */ = {
			isa = PBXSourcesBuildPhase;
			buildActionMask = 2147483647;
			files = (
				F79B05931E5D4D44007B3123 /* ViewController.swift in Sources */,
				F79B05911E5D4D44007B3123 /* AppDelegate.swift in Sources */,
			);
			runOnlyForDeploymentPostprocessing = 0;
		};
/* End PBXSourcesBuildPhase section */

/* Begin PBXVariantGroup section */
		F79B05941E5D4D44007B3123 /* Main.storyboard */ = {
			isa = PBXVariantGroup;
			children = (
				F79B05951E5D4D44007B3123 /* Base */,
			);
			name = Main.storyboard;
			sourceTree = "<group>";
		};
		F79B05991E5D4D44007B3123 /* LaunchScreen.storyboard */ = {
			isa = PBXVariantGroup;
			children = (
				F79B059A1E5D4D44007B3123 /* Base */,
			);
			name = LaunchScreen.storyboard;
			sourceTree = "<group>";
		};
/* End PBXVariantGroup section */

/* Begin XCBuildConfiguration section */
		F79B059D1E5D4D44007B3123 /* Debug */ = {
			isa = XCBuildConfiguration;
			buildSettings = {
				ALWAYS_SEARCH_USER_PATHS = NO;
				CLANG_ANALYZER_NONNULL = YES;
				CLANG_CXX_LANGUAGE_STANDARD = "gnu++0x";
				CLANG_CXX_LIBRARY = "libc++";
				CLANG_ENABLE_MODULES = YES;
				CLANG_ENABLE_OBJC_ARC = YES;
				CLANG_WARN_BOOL_CONVERSION = YES;
				CLANG_WARN_CONSTANT_CONVERSION = YES;
				CLANG_WARN_DIRECT_OBJC_ISA_USAGE = YES_ERROR;
				CLANG_WARN_DOCUMENTATION_COMMENTS = YES;
				CLANG_WARN_EMPTY_BODY = YES;
				CLANG_WARN_ENUM_CONVERSION = YES;
				CLANG_WARN_INFINITE_RECURSION = YES;
				CLANG_WARN_INT_CONVERSION = YES;
				CLANG_WARN_OBJC_ROOT_CLASS = YES_ERROR;
				CLANG_WARN_SUSPICIOUS_MOVE = YES;
				CLANG_WARN_UNREACHABLE_CODE = YES;
				CLANG_WARN__DUPLICATE_METHOD_MATCH = YES;
				"CODE_SIGN_IDENTITY[sdk=iphoneos*]" = "iPhone Developer";
				COPY_PHASE_STRIP = NO;
				DEBUG_INFORMATION_FORMAT = dwarf;
				ENABLE_STRICT_OBJC_MSGSEND = YES;
				ENABLE_TESTABILITY = YES;
				GCC_C_LANGUAGE_STANDARD = gnu99;
				GCC_DYNAMIC_NO_PIC = NO;
				GCC_NO_COMMON_BLOCKS = YES;
				GCC_OPTIMIZATION_LEVEL = 0;
				GCC_PREPROCESSOR_DEFINITIONS = (
					"DEBUG=1",
					"$(inherited)",
				);
				GCC_WARN_64_TO_32_BIT_CONVERSION = YES;
				GCC_WARN_ABOUT_RETURN_TYPE = YES_ERROR;
				GCC_WARN_UNDECLARED_SELECTOR = YES;
				GCC_WARN_UNINITIALIZED_AUTOS = YES_AGGRESSIVE;
				GCC_WARN_UNUSED_FUNCTION = YES;
				GCC_WARN_UNUSED_VARIABLE = YES;
				IPHONEOS_DEPLOYMENT_TARGET = 10.2;
				MTL_ENABLE_DEBUG_INFO = YES;
				ONLY_ACTIVE_ARCH = YES;
				SDKROOT = iphoneos;
				SWIFT_ACTIVE_COMPILATION_CONDITIONS = DEBUG;
				SWIFT_OPTIMIZATION_LEVEL = "-Onone";
				TARGETED_DEVICE_FAMILY = "1,2";
			};
			name = Debug;
		};
		F79B059E1E5D4D44007B3123 /* Release */ = {
			isa = XCBuildConfiguration;
			buildSettings = {
				ALWAYS_SEARCH_USER_PATHS = NO;
				CLANG_ANALYZER_NONNULL = YES;
				CLANG_CXX_LANGUAGE_STANDARD = "gnu++0x";
				CLANG_CXX_LIBRARY = "libc++";
				CLANG_ENABLE_MODULES = YES;
				CLANG_ENABLE_OBJC_ARC = YES;
				CLANG_WARN_BOOL_CONVERSION = YES;
				CLANG_WARN_CONSTANT_CONVERSION = YES;
				CLANG_WARN_DIRECT_OBJC_ISA_USAGE = YES_ERROR;
				CLANG_WARN_DOCUMENTATION_COMMENTS = YES;
				CLANG_WARN_EMPTY_BODY = YES;
				CLANG_WARN_ENUM_CONVERSION = YES;
				CLANG_WARN_INFINITE_RECURSION = YES;
				CLANG_WARN_INT_CONVERSION = YES;
				CLANG_WARN_OBJC_ROOT_CLASS = YES_ERROR;
				CLANG_WARN_SUSPICIOUS_MOVE = YES;
				CLANG_WARN_UNREACHABLE_CODE = YES;
				CLANG_WARN__DUPLICATE_METHOD_MATCH = YES;
				"CODE_SIGN_IDENTITY[sdk=iphoneos*]" = "iPhone Developer";
				COPY_PHASE_STRIP = NO;
				DEBUG_INFORMATION_FORMAT = "dwarf-with-dsym";
				ENABLE_NS_ASSERTIONS = NO;
				ENABLE_STRICT_OBJC_MSGSEND = YES;
				GCC_C_LANGUAGE_STANDARD = gnu99;
				GCC_NO_COMMON_BLOCKS = YES;
				GCC_WARN_64_TO_32_BIT_CONVERSION = YES;
				GCC_WARN_ABOUT_RETURN_TYPE = YES_ERROR;
				GCC_WARN_UNDECLARED_SELECTOR = YES;
				GCC_WARN_UNINITIALIZED_AUTOS = YES_AGGRESSIVE;
				GCC_WARN_UNUSED_FUNCTION = YES;
				GCC_WARN_UNUSED_VARIABLE = YES;
				IPHONEOS_DEPLOYMENT_TARGET = 10.2;
				MTL_ENABLE_DEBUG_INFO = NO;
				SDKROOT = iphoneos;
				SWIFT_OPTIMIZATION_LEVEL = "-Owholemodule";
				TARGETED_DEVICE_FAMILY = "1,2";
				VALIDATE_PRODUCT = YES;
			};
			name = Release;
		};
		F79B05A01E5D4D44007B3123 /* Debug */ = {
			isa = XCBuildConfiguration;
			buildSettings = {
				ASSETCATALOG_COMPILER_APPICON_NAME = AppIcon;
				DEVELOPMENT_TEAM = R492MZCKG4;
				INFOPLIST_FILE = Reality_Retreat/Info.plist;
				LD_RUNPATH_SEARCH_PATHS = "$(inherited) @executable_path/Frameworks";
				PRODUCT_BUNDLE_IDENTIFIER = "com.L2sf.Reality-Retreat";
				PRODUCT_NAME = "$(TARGET_NAME)";
				SWIFT_VERSION = 3.0;
			};
			name = Debug;
		};
		F79B05A11E5D4D44007B3123 /* Release */ = {
			isa = XCBuildConfiguration;
			buildSettings = {
				ASSETCATALOG_COMPILER_APPICON_NAME = AppIcon;
				DEVELOPMENT_TEAM = R492MZCKG4;
				INFOPLIST_FILE = Reality_Retreat/Info.plist;
				LD_RUNPATH_SEARCH_PATHS = "$(inherited) @executable_path/Frameworks";
				PRODUCT_BUNDLE_IDENTIFIER = "com.L2sf.Reality-Retreat";
				PRODUCT_NAME = "$(TARGET_NAME)";
				SWIFT_VERSION = 3.0;
			};
			name = Release;
		};
/* End XCBuildConfiguration section */

/* Begin XCConfigurationList section */
		F79B05881E5D4D44007B3123 /* Build configuration list for PBXProject "Reality_Retreat" */ = {
			isa = XCConfigurationList;
			buildConfigurations = (
				F79B059D1E5D4D44007B3123 /* Debug */,
				F79B059E1E5D4D44007B3123 /* Release */,
			);
			defaultConfigurationIsVisible = 0;
			defaultConfigurationName = Release;
		};
		F79B059F1E5D4D44007B3123 /* Build configuration list for PBXNativeTarget "Reality_Retreat" */ = {
			isa = XCConfigurationList;
			buildConfigurations = (
				F79B05A01E5D4D44007B3123 /* Debug */,
				F79B05A11E5D4D44007B3123 /* Release */,
			);
			defaultConfigurationIsVisible = 0;
		};
/* End XCConfigurationList section */
	};
	rootObject = F79B05851E5D4D44007B3123 /* Project object */;
}
